{
  "name": "@kimi-builders/usage",
  "version": "0.1.0",
  "lockfileVersion": 3,
  "requires": true,
  "packages": {
    "": {
      "name": "@kimi-builders/usage",
      "version": "0.1.0",
      "license": "MIT",
      "bin": {
        "kbu-usage": "bin/kbu-usage.js"
      },
      "engines": {
        "node": ">=20"
      }
    }
  }
}
